
Microsoft Visual Studio Solution File, Format Version 12.00
# Visual Studio Version 16
VisualStudioVersion = 16.0.31624.102
MinimumVisualStudioVersion = 10.0.40219.1
Project("{FAE04EC0-301F-11D3-BF4B-00C04F79EFBC}") = "GameQuiz.Web", "GameQuiz.Web\GameQuiz.Web.csproj", "{AE76ACC4-2925-4D6A-981D-E741DD152982}"
EndProject
Global
	GlobalSection(SolutionConfigurationPlatforms) = preSolution
		Debug|Any CPU = Debug|Any CPU
		Release|Any CPU = Release|Any CPU
	EndGlobalSection
	GlobalSection(ProjectConfigurationPlatforms) = postSolution
		{AE76ACC4-2925-4D6A-981D-E741DD152982}.Debug|Any CPU.ActiveCfg = Debug|Any CPU
		{AE76ACC4-2925-4D6A-981D-E741DD152982}.Debug|Any CPU.Build.0 = Debug|Any CPU
		{AE76ACC4-2925-4D6A-981D-E741DD152982}.Release|Any CPU.ActiveCfg = Release|Any CPU
		{AE76ACC4-2925-4D6A-981D-E741DD152982}.Release|Any CPU.Build.0 = Release|Any CPU
	EndGlobalSection
	GlobalSection(SolutionProperties) = preSolution
		HideSolutionNode = FALSE
	EndGlobalSection
	GlobalSection(ExtensibilityGlobals) = postSolution
		SolutionGuid = {D36EE8A7-ECF5-4E3A-9CB2-CF9F4761E519}
	EndGlobalSection
EndGlobal
